
Microsoft Visual Studio Solution File, Format Version 12.00
# Visual Studio Version 17
VisualStudioVersion = 17.2.32526.322
MinimumVisualStudioVersion = 10.0.40219.1
Project("{FAE04EC0-301F-11D3-BF4B-00C04F79EFBC}") = "EMSFinderV1", "EMSFinderV1\EMSFinderV1.csproj", "{1C07F42D-1721-4154-B1DB-CC9FD4C6D469}"
EndProject
Global
	GlobalSection(SolutionConfigurationPlatforms) = preSolution
		Debug|Any CPU = Debug|Any CPU
		Release|Any CPU = Release|Any CPU
	EndGlobalSection
	GlobalSection(ProjectConfigurationPlatforms) = postSolution
		{1C07F42D-1721-4154-B1DB-CC9FD4C6D469}.Debug|Any CPU.ActiveCfg = Debug|Any CPU
		{1C07F42D-1721-4154-B1DB-CC9FD4C6D469}.Debug|Any CPU.Build.0 = Debug|Any CPU
		{1C07F42D-1721-4154-B1DB-CC9FD4C6D469}.Release|Any CPU.ActiveCfg = Release|Any CPU
		{1C07F42D-1721-4154-B1DB-CC9FD4C6D469}.Release|Any CPU.Build.0 = Release|Any CPU
	EndGlobalSection
	GlobalSection(SolutionProperties) = preSolution
		HideSolutionNode = FALSE
	EndGlobalSection
	GlobalSection(ExtensibilityGlobals) = postSolution
		SolutionGuid = {E220A49E-217D-44C4-BCB1-D774B218809D}
	EndGlobalSection
EndGlobal
